lockfileVersion: 5.4

specifiers:
  '@total-typescript/ts-reset': 0.3.6

dependencies:
  '@total-typescript/ts-reset': 0.3.6

packages:

  /@total-typescript/ts-reset/0.3.6:
    resolution: {integrity: sha512-nBW1QxF7VUm6x6NkOcR0xXlRlrHTZ+yD7qF5pV0uLtbyXrmWWK+E/GdSuPx1Q/bpStmIR965G14Wi+r62APulQ==}
    dev: false
